
Microsoft Visual Studio Solution File, Format Version 12.00
# Visual Studio Version 17
VisualStudioVersion = 17.7.34018.315
MinimumVisualStudioVersion = 10.0.40219.1
Project("{8BC9CEB8-8B4A-11D0-8D11-00A0C91BC942}") = "ImgReconstruct_backend", "ImgReconstruct_backend\ImgReconstruct_backend.vcxproj", "{B3AEDE86-528C-4AC7-B605-EA4F4BA7181F}"
EndProject
Global
	GlobalSection(SolutionConfigurationPlatforms) = preSolution
		Debug|x64 = Debug|x64
		Debug|x86 = Debug|x86
		Release|x64 = Release|x64
		Release|x86 = Release|x86
	EndGlobalSection
	GlobalSection(ProjectConfigurationPlatforms) = postSolution
		{B3AEDE86-528C-4AC7-B605-EA4F4BA7181F}.Debug|x64.ActiveCfg = Debug|x64
		{B3AEDE86-528C-4AC7-B605-EA4F4BA7181F}.Debug|x64.Build.0 = Debug|x64
		{B3AEDE86-528C-4AC7-B605-EA4F4BA7181F}.Debug|x86.ActiveCfg = Debug|Win32
		{B3AEDE86-528C-4AC7-B605-EA4F4BA7181F}.Debug|x86.Build.0 = Debug|Win32
		{B3AEDE86-528C-4AC7-B605-EA4F4BA7181F}.Release|x64.ActiveCfg = Release|x64
		{B3AEDE86-528C-4AC7-B605-EA4F4BA7181F}.Release|x64.Build.0 = Release|x64
		{B3AEDE86-528C-4AC7-B605-EA4F4BA7181F}.Release|x86.ActiveCfg = Release|Win32
		{B3AEDE86-528C-4AC7-B605-EA4F4BA7181F}.Release|x86.Build.0 = Release|Win32
	EndGlobalSection
	GlobalSection(SolutionProperties) = preSolution
		HideSolutionNode = FALSE
	EndGlobalSection
	GlobalSection(ExtensibilityGlobals) = postSolution
		SolutionGuid = {4165F0E3-83AC-443C-A91A-6D88A23A00E0}
	EndGlobalSection
EndGlobal
